// !$*UTF8*$!
{
	archiveVersion = 1;
	classes = {
	};
	objectVersion = 56;
	objects = {

/* Begin PBXBuildFile section */
		091F9D5B2BF0DB6D001549BB /* AppDelegate.swift in Sources */ = {isa = PBXBuildFile; fileRef = 091F9D5A2BF0DB6D001549BB /* AppDelegate.swift */; };
		091F9D5D2BF0DB6D001549BB /* SceneDelegate.swift in Sources */ = {isa = PBXBuildFile; fileRef = 091F9D5C2BF0DB6D001549BB /* SceneDelegate.swift */; };
		091F9D5F2BF0DB6D001549BB /* NewsListViewController.swift in Sources */ = {isa = PBXBuildFile; fileRef = 091F9D5E2BF0DB6D001549BB /* NewsListViewController.swift */; };
		091F9D642BF0DB70001549BB /* Assets.xcassets in Resources */ = {isa = PBXBuildFile; fileRef = 091F9D632BF0DB70001549BB /* Assets.xcassets */; };
		091F9D672BF0DB70001549BB /* Base in Resources */ = {isa = PBXBuildFile; fileRef = 091F9D662BF0DB70001549BB /* Base */; };
		091F9D722BF0DB70001549BB /* BornlogicTestTests.swift in Sources */ = {isa = PBXBuildFile; fileRef = 091F9D712BF0DB70001549BB /* BornlogicTestTests.swift */; };
		091F9D7C2BF0DB70001549BB /* BornlogicTestUITests.swift in Sources */ = {isa = PBXBuildFile; fileRef = 091F9D7B2BF0DB70001549BB /* BornlogicTestUITests.swift */; };
		091F9D7E2BF0DB70001549BB /* BornlogicTestUITestsLaunchTests.swift in Sources */ = {isa = PBXBuildFile; fileRef = 091F9D7D2BF0DB70001549BB /* BornlogicTestUITestsLaunchTests.swift */; };
		091F9D8C2BF0EA36001549BB /* NewListView.swift in Sources */ = {isa = PBXBuildFile; fileRef = 091F9D8B2BF0EA36001549BB /* NewListView.swift */; };
		091F9D8F2BF0F28E001549BB /* NewsListCell.swift in Sources */ = {isa = PBXBuildFile; fileRef = 091F9D8E2BF0F28E001549BB /* NewsListCell.swift */; };
		091F9D942BF0F77D001549BB /* Colors.swift in Sources */ = {isa = PBXBuildFile; fileRef = 091F9D932BF0F77D001549BB /* Colors.swift */; };
		091F9D962BF0FCC4001549BB /* ViewCode.swift in Sources */ = {isa = PBXBuildFile; fileRef = 091F9D952BF0FCC4001549BB /* ViewCode.swift */; };
		09C3D3812BF279AA0091840F /* NewsListingInteractor.swift in Sources */ = {isa = PBXBuildFile; fileRef = 09C3D3802BF279AA0091840F /* NewsListingInteractor.swift */; };
		09C3D3832BF279B50091840F /* NewsListingPresenter.swift in Sources */ = {isa = PBXBuildFile; fileRef = 09C3D3822BF279B50091840F /* NewsListingPresenter.swift */; };
		09C3D3852BF279C40091840F /* NewsListingRouter.swift in Sources */ = {isa = PBXBuildFile; fileRef = 09C3D3842BF279C40091840F /* NewsListingRouter.swift */; };
		09C3D3882BF27E220091840F /* NewsListingContractor.swift in Sources */ = {isa = PBXBuildFile; fileRef = 09C3D3872BF27E220091840F /* NewsListingContractor.swift */; };
		09C3D38A2BF284DF0091840F /* NewsEntity.swift in Sources */ = {isa = PBXBuildFile; fileRef = 09C3D3892BF284DF0091840F /* NewsEntity.swift */; };
		09C3D38D2BF288BE0091840F /* NetworkService.swift in Sources */ = {isa = PBXBuildFile; fileRef = 09C3D38C2BF288BE0091840F /* NetworkService.swift */; };
		09C3D38F2BF28ACA0091840F /* NetworkErrors.swift in Sources */ = {isa = PBXBuildFile; fileRef = 09C3D38E2BF28ACA0091840F /* NetworkErrors.swift */; };
/* End PBXBuildFile section */

/* Begin PBXContainerItemProxy section */
		091F9D6E2BF0DB70001549BB /* PBXContainerItemProxy */ = {
			isa = PBXContainerItemProxy;
			containerPortal = 091F9D4F2BF0DB6D001549BB /* Project object */;
			proxyType = 1;
			remoteGlobalIDString = 091F9D562BF0DB6D001549BB;
			remoteInfo = BornlogicTest;
		};
		091F9D782BF0DB70001549BB /* PBXContainerItemProxy */ = {
			isa = PBXContainerItemProxy;
			containerPortal = 091F9D4F2BF0DB6D001549BB /* Project object */;
			proxyType = 1;
			remoteGlobalIDString = 091F9D562BF0DB6D001549BB;
			remoteInfo = BornlogicTest;
		};
/* End PBXContainerItemProxy section */

/* Begin PBXFileReference section */
		091F9D572BF0DB6D001549BB /* BornlogicTest.app */ = {isa = PBXFileReference; explicitFileType = wrapper.application; includeInIndex = 0; path = BornlogicTest.app; sourceTree = BUILT_PRODUCTS_DIR; };
		091F9D5A2BF0DB6D001549BB /* AppDelegate.swift */ = {isa = PBXFileReference; lastKnownFileType = sourcecode.swift; path = AppDelegate.swift; sourceTree = "<group>"; };
		091F9D5C2BF0DB6D001549BB /* SceneDelegate.swift */ = {isa = PBXFileReference; lastKnownFileType = sourcecode.swift; path = SceneDelegate.swift; sourceTree = "<group>"; };
		091F9D5E2BF0DB6D001549BB /* NewsListViewController.swift */ = {isa = PBXFileReference; lastKnownFileType = sourcecode.swift; path = NewsListViewController.swift; sourceTree = "<group>"; };
		091F9D632BF0DB70001549BB /* Assets.xcassets */ = {isa = PBXFileReference; lastKnownFileType = folder.assetcatalog; path = Assets.xcassets; sourceTree = "<group>"; };
		091F9D662BF0DB70001549BB /* Base */ = {isa = PBXFileReference; lastKnownFileType = file.storyboard; name = Base; path = Base.lproj/LaunchScreen.storyboard; sourceTree = "<group>"; };
		091F9D682BF0DB70001549BB /* Info.plist */ = {isa = PBXFileReference; lastKnownFileType = text.plist.xml; path = Info.plist; sourceTree = "<group>"; };
		091F9D6D2BF0DB70001549BB /* BornlogicTestTests.xctest */ = {isa = PBXFileReference; explicitFileType = wrapper.cfbundle; includeInIndex = 0; path = BornlogicTestTests.xctest; sourceTree = BUILT_PRODUCTS_DIR; };
		091F9D712BF0DB70001549BB /* BornlogicTestTests.swift */ = {isa = PBXFileReference; lastKnownFileType = sourcecode.swift; path = BornlogicTestTests.swift; sourceTree = "<group>"; };
		091F9D772BF0DB70001549BB /* BornlogicTestUITests.xctest */ = {isa = PBXFileReference; explicitFileType = wrapper.cfbundle; includeInIndex = 0; path = BornlogicTestUITests.xctest; sourceTree = BUILT_PRODUCTS_DIR; };
		091F9D7B2BF0DB70001549BB /* BornlogicTestUITests.swift */ = {isa = PBXFileReference; lastKnownFileType = sourcecode.swift; path = BornlogicTestUITests.swift; sourceTree = "<group>"; };
		091F9D7D2BF0DB70001549BB /* BornlogicTestUITestsLaunchTests.swift */ = {isa = PBXFileReference; lastKnownFileType = sourcecode.swift; path = BornlogicTestUITestsLaunchTests.swift; sourceTree = "<group>"; };
		091F9D8B2BF0EA36001549BB /* NewListView.swift */ = {isa = PBXFileReference; lastKnownFileType = sourcecode.swift; path = NewListView.swift; sourceTree = "<group>"; };
		091F9D8E2BF0F28E001549BB /* NewsListCell.swift */ = {isa = PBXFileReference; lastKnownFileType = sourcecode.swift; path = NewsListCell.swift; sourceTree = "<group>"; };
		091F9D912BF0F34C001549BB /* Secrets.xcconfig */ = {isa = PBXFileReference; lastKnownFileType = text.xcconfig; path = Secrets.xcconfig; sourceTree = "<group>"; };
		091F9D932BF0F77D001549BB /* Colors.swift */ = {isa = PBXFileReference; lastKnownFileType = sourcecode.swift; path = Colors.swift; sourceTree = "<group>"; };
		091F9D952BF0FCC4001549BB /* ViewCode.swift */ = {isa = PBXFileReference; lastKnownFileType = sourcecode.swift; path = ViewCode.swift; sourceTree = "<group>"; };
		09C3D3802BF279AA0091840F /* NewsListingInteractor.swift */ = {isa = PBXFileReference; lastKnownFileType = sourcecode.swift; path = NewsListingInteractor.swift; sourceTree = "<group>"; };
		09C3D3822BF279B50091840F /* NewsListingPresenter.swift */ = {isa = PBXFileReference; lastKnownFileType = sourcecode.swift; path = NewsListingPresenter.swift; sourceTree = "<group>"; };
		09C3D3842BF279C40091840F /* NewsListingRouter.swift */ = {isa = PBXFileReference; lastKnownFileType = sourcecode.swift; path = NewsListingRouter.swift; sourceTree = "<group>"; };
		09C3D3872BF27E220091840F /* NewsListingContractor.swift */ = {isa = PBXFileReference; lastKnownFileType = sourcecode.swift; path = NewsListingContractor.swift; sourceTree = "<group>"; };
		09C3D3892BF284DF0091840F /* NewsEntity.swift */ = {isa = PBXFileReference; lastKnownFileType = sourcecode.swift; path = NewsEntity.swift; sourceTree = "<group>"; };
		09C3D38C2BF288BE0091840F /* NetworkService.swift */ = {isa = PBXFileReference; lastKnownFileType = sourcecode.swift; path = NetworkService.swift; sourceTree = "<group>"; };
		09C3D38E2BF28ACA0091840F /* NetworkErrors.swift */ = {isa = PBXFileReference; lastKnownFileType = sourcecode.swift; path = NetworkErrors.swift; sourceTree = "<group>"; };
/* End PBXFileReference section */

/* Begin PBXFrameworksBuildPhase section */
		091F9D542BF0DB6D001549BB /* Frameworks */ = {
			isa = PBXFrameworksBuildPhase;
			buildActionMask = 2147483647;
			files = (
			);
			runOnlyForDeploymentPostprocessing = 0;
		};
		091F9D6A2BF0DB70001549BB /* Frameworks */ = {
			isa = PBXFrameworksBuildPhase;
			buildActionMask = 2147483647;
			files = (
			);
			runOnlyForDeploymentPostprocessing = 0;
		};
		091F9D742BF0DB70001549BB /* Frameworks */ = {
			isa = PBXFrameworksBuildPhase;
			buildActionMask = 2147483647;
			files = (
			);
			runOnlyForDeploymentPostprocessing = 0;
		};
/* End PBXFrameworksBuildPhase section */

/* Begin PBXGroup section */
		091F9D4E2BF0DB6D001549BB = {
			isa = PBXGroup;
			children = (
				091F9D592BF0DB6D001549BB /* BornlogicTest */,
				091F9D702BF0DB70001549BB /* BornlogicTestTests */,
				091F9D7A2BF0DB70001549BB /* BornlogicTestUITests */,
				091F9D582BF0DB6D001549BB /* Products */,
			);
			sourceTree = "<group>";
		};
		091F9D582BF0DB6D001549BB /* Products */ = {
			isa = PBXGroup;
			children = (
				091F9D572BF0DB6D001549BB /* BornlogicTest.app */,
				091F9D6D2BF0DB70001549BB /* BornlogicTestTests.xctest */,
				091F9D772BF0DB70001549BB /* BornlogicTestUITests.xctest */,
			);
			name = Products;
			sourceTree = "<group>";
		};
		091F9D592BF0DB6D001549BB /* BornlogicTest */ = {
			isa = PBXGroup;
			children = (
				09C3D38B2BF288B10091840F /* Services */,
				09C3D3862BF27A340091840F /* Article */,
				091F9D922BF0F76F001549BB /* Commons */,
				091F9D902BF0F335001549BB /* Secrets */,
				091F9D8D2BF0EA55001549BB /* System */,
				091F9D8A2BF0EA0D001549BB /* NewsListing */,
			);
			path = BornlogicTest;
			sourceTree = "<group>";
		};
		091F9D702BF0DB70001549BB /* BornlogicTestTests */ = {
			isa = PBXGroup;
			children = (
				091F9D712BF0DB70001549BB /* BornlogicTestTests.swift */,
			);
			path = BornlogicTestTests;
			sourceTree = "<group>";
		};
		091F9D7A2BF0DB70001549BB /* BornlogicTestUITests */ = {
			isa = PBXGroup;
			children = (
				091F9D7B2BF0DB70001549BB /* BornlogicTestUITests.swift */,
				091F9D7D2BF0DB70001549BB /* BornlogicTestUITestsLaunchTests.swift */,
			);
			path = BornlogicTestUITests;
			sourceTree = "<group>";
		};
		091F9D8A2BF0EA0D001549BB /* NewsListing */ = {
			isa = PBXGroup;
			children = (
				091F9D5E2BF0DB6D001549BB /* NewsListViewController.swift */,
				091F9D8B2BF0EA36001549BB /* NewListView.swift */,
				091F9D8E2BF0F28E001549BB /* NewsListCell.swift */,
				09C3D3802BF279AA0091840F /* NewsListingInteractor.swift */,
				09C3D3822BF279B50091840F /* NewsListingPresenter.swift */,
				09C3D3842BF279C40091840F /* NewsListingRouter.swift */,
				09C3D3872BF27E220091840F /* NewsListingContractor.swift */,
			);
			path = NewsListing;
			sourceTree = "<group>";
		};
		091F9D8D2BF0EA55001549BB /* System */ = {
			isa = PBXGroup;
			children = (
				091F9D5A2BF0DB6D001549BB /* AppDelegate.swift */,
				091F9D5C2BF0DB6D001549BB /* SceneDelegate.swift */,
				091F9D632BF0DB70001549BB /* Assets.xcassets */,
				091F9D652BF0DB70001549BB /* LaunchScreen.storyboard */,
				091F9D682BF0DB70001549BB /* Info.plist */,
			);
			path = System;
			sourceTree = "<group>";
		};
		091F9D902BF0F335001549BB /* Secrets */ = {
			isa = PBXGroup;
			children = (
				091F9D912BF0F34C001549BB /* Secrets.xcconfig */,
			);
			path = Secrets;
			sourceTree = "<group>";
		};
		091F9D922BF0F76F001549BB /* Commons */ = {
			isa = PBXGroup;
			children = (
				091F9D932BF0F77D001549BB /* Colors.swift */,
				091F9D952BF0FCC4001549BB /* ViewCode.swift */,
				09C3D3892BF284DF0091840F /* NewsEntity.swift */,
			);
			path = Commons;
			sourceTree = "<group>";
		};
		09C3D3862BF27A340091840F /* Article */ = {
			isa = PBXGroup;
			children = (
			);
			path = Article;
			sourceTree = "<group>";
		};
		09C3D38B2BF288B10091840F /* Services */ = {
			isa = PBXGroup;
			children = (
				09C3D38C2BF288BE0091840F /* NetworkService.swift */,
				09C3D38E2BF28ACA0091840F /* NetworkErrors.swift */,
			);
			path = Services;
			sourceTree = "<group>";
		};
/* End PBXGroup section */

/* Begin PBXNativeTarget section */
		091F9D562BF0DB6D001549BB /* BornlogicTest */ = {
			isa = PBXNativeTarget;
			buildConfigurationList = 091F9D812BF0DB70001549BB /* Build configuration list for PBXNativeTarget "BornlogicTest" */;
			buildPhases = (
				091F9D532BF0DB6D001549BB /* Sources */,
				091F9D542BF0DB6D001549BB /* Frameworks */,
				091F9D552BF0DB6D001549BB /* Resources */,
			);
			buildRules = (
			);
			dependencies = (
			);
			name = BornlogicTest;
			productName = BornlogicTest;
			productReference = 091F9D572BF0DB6D001549BB /* BornlogicTest.app */;
			productType = "com.apple.product-type.application";
		};
		091F9D6C2BF0DB70001549BB /* BornlogicTestTests */ = {
			isa = PBXNativeTarget;
			buildConfigurationList = 091F9D842BF0DB70001549BB /* Build configuration list for PBXNativeTarget "BornlogicTestTests" */;
			buildPhases = (
				091F9D692BF0DB70001549BB /* Sources */,
				091F9D6A2BF0DB70001549BB /* Frameworks */,
				091F9D6B2BF0DB70001549BB /* Resources */,
			);
			buildRules = (
			);
			dependencies = (
				091F9D6F2BF0DB70001549BB /* PBXTargetDependency */,
			);
			name = BornlogicTestTests;
			productName = BornlogicTestTests;
			productReference = 091F9D6D2BF0DB70001549BB /* BornlogicTestTests.xctest */;
			productType = "com.apple.product-type.bundle.unit-test";
		};
		091F9D762BF0DB70001549BB /* BornlogicTestUITests */ = {
			isa = PBXNativeTarget;
			buildConfigurationList = 091F9D872BF0DB70001549BB /* Build configuration list for PBXNativeTarget "BornlogicTestUITests" */;
			buildPhases = (
				091F9D732BF0DB70001549BB /* Sources */,
				091F9D742BF0DB70001549BB /* Frameworks */,
				091F9D752BF0DB70001549BB /* Resources */,
			);
			buildRules = (
			);
			dependencies = (
				091F9D792BF0DB70001549BB /* PBXTargetDependency */,
			);
			name = BornlogicTestUITests;
			productName = BornlogicTestUITests;
			productReference = 091F9D772BF0DB70001549BB /* BornlogicTestUITests.xctest */;
			productType = "com.apple.product-type.bundle.ui-testing";
		};
/* End PBXNativeTarget section */

/* Begin PBXProject section */
		091F9D4F2BF0DB6D001549BB /* Project object */ = {
			isa = PBXProject;
			attributes = {
				BuildIndependentTargetsInParallel = 1;
				LastSwiftUpdateCheck = 1530;
				LastUpgradeCheck = 1530;
				TargetAttributes = {
					091F9D562BF0DB6D001549BB = {
						CreatedOnToolsVersion = 15.3;
					};
					091F9D6C2BF0DB70001549BB = {
						CreatedOnToolsVersion = 15.3;
						TestTargetID = 091F9D562BF0DB6D001549BB;
					};
					091F9D762BF0DB70001549BB = {
						CreatedOnToolsVersion = 15.3;
						TestTargetID = 091F9D562BF0DB6D001549BB;
					};
				};
			};
			buildConfigurationList = 091F9D522BF0DB6D001549BB /* Build configuration list for PBXProject "BornlogicTest" */;
			compatibilityVersion = "Xcode 14.0";
			developmentRegion = en;
			hasScannedForEncodings = 0;
			knownRegions = (
				en,
				Base,
			);
			mainGroup = 091F9D4E2BF0DB6D001549BB;
			productRefGroup = 091F9D582BF0DB6D001549BB /* Products */;
			projectDirPath = "";
			projectRoot = "";
			targets = (
				091F9D562BF0DB6D001549BB /* BornlogicTest */,
				091F9D6C2BF0DB70001549BB /* BornlogicTestTests */,
				091F9D762BF0DB70001549BB /* BornlogicTestUITests */,
			);
		};
/* End PBXProject section */

/* Begin PBXResourcesBuildPhase section */
		091F9D552BF0DB6D001549BB /* Resources */ = {
			isa = PBXResourcesBuildPhase;
			buildActionMask = 2147483647;
			files = (
				091F9D642BF0DB70001549BB /* Assets.xcassets in Resources */,
				091F9D672BF0DB70001549BB /* Base in Resources */,
			);
			runOnlyForDeploymentPostprocessing = 0;
		};
		091F9D6B2BF0DB70001549BB /* Resources */ = {
			isa = PBXResourcesBuildPhase;
			buildActionMask = 2147483647;
			files = (
			);
			runOnlyForDeploymentPostprocessing = 0;
		};
		091F9D752BF0DB70001549BB /* Resources */ = {
			isa = PBXResourcesBuildPhase;
			buildActionMask = 2147483647;
			files = (
			);
			runOnlyForDeploymentPostprocessing = 0;
		};
/* End PBXResourcesBuildPhase section */

/* Begin PBXSourcesBuildPhase section */
		091F9D532BF0DB6D001549BB /* Sources */ = {
			isa = PBXSourcesBuildPhase;
			buildActionMask = 2147483647;
			files = (
				09C3D3812BF279AA0091840F /* NewsListingInteractor.swift in Sources */,
				09C3D38A2BF284DF0091840F /* NewsEntity.swift in Sources */,
				091F9D5F2BF0DB6D001549BB /* NewsListViewController.swift in Sources */,
				09C3D38F2BF28ACA0091840F /* NetworkErrors.swift in Sources */,
				091F9D942BF0F77D001549BB /* Colors.swift in Sources */,
				09C3D3832BF279B50091840F /* NewsListingPresenter.swift in Sources */,
				091F9D8F2BF0F28E001549BB /* NewsListCell.swift in Sources */,
				091F9D962BF0FCC4001549BB /* ViewCode.swift in Sources */,
				09C3D3852BF279C40091840F /* NewsListingRouter.swift in Sources */,
				091F9D8C2BF0EA36001549BB /* NewListView.swift in Sources */,
				09C3D3882BF27E220091840F /* NewsListingContractor.swift in Sources */,
				091F9D5B2BF0DB6D001549BB /* AppDelegate.swift in Sources */,
				09C3D38D2BF288BE0091840F /* NetworkService.swift in Sources */,
				091F9D5D2BF0DB6D001549BB /* SceneDelegate.swift in Sources */,
			);
			runOnlyForDeploymentPostprocessing = 0;
		};
		091F9D692BF0DB70001549BB /* Sources */ = {
			isa = PBXSourcesBuildPhase;
			buildActionMask = 2147483647;
			files = (
				091F9D722BF0DB70001549BB /* BornlogicTestTests.swift in Sources */,
			);
			runOnlyForDeploymentPostprocessing = 0;
		};
		091F9D732BF0DB70001549BB /* Sources */ = {
			isa = PBXSourcesBuildPhase;
			buildActionMask = 2147483647;
			files = (
				091F9D7E2BF0DB70001549BB /* BornlogicTestUITestsLaunchTests.swift in Sources */,
				091F9D7C2BF0DB70001549BB /* BornlogicTestUITests.swift in Sources */,
			);
			runOnlyForDeploymentPostprocessing = 0;
		};
/* End PBXSourcesBuildPhase section */

/* Begin PBXTargetDependency section */
		091F9D6F2BF0DB70001549BB /* PBXTargetDependency */ = {
			isa = PBXTargetDependency;
			target = 091F9D562BF0DB6D001549BB /* BornlogicTest */;
			targetProxy = 091F9D6E2BF0DB70001549BB /* PBXContainerItemProxy */;
		};
		091F9D792BF0DB70001549BB /* PBXTargetDependency */ = {
			isa = PBXTargetDependency;
			target = 091F9D562BF0DB6D001549BB /* BornlogicTest */;
			targetProxy = 091F9D782BF0DB70001549BB /* PBXContainerItemProxy */;
		};
/* End PBXTargetDependency section */

/* Begin PBXVariantGroup section */
		091F9D652BF0DB70001549BB /* LaunchScreen.storyboard */ = {
			isa = PBXVariantGroup;
			children = (
				091F9D662BF0DB70001549BB /* Base */,
			);
			name = LaunchScreen.storyboard;
			sourceTree = "<group>";
		};
/* End PBXVariantGroup section */

/* Begin XCBuildConfiguration section */
		091F9D7F2BF0DB70001549BB /* Debug */ = {
			isa = XCBuildConfiguration;
			buildSettings = {
				ALWAYS_SEARCH_USER_PATHS = NO;
				ASSETCATALOG_COMPILER_GENERATE_SWIFT_ASSET_SYMBOL_EXTENSIONS = YES;
				CLANG_ANALYZER_NONNULL = YES;
				CLANG_ANALYZER_NUMBER_OBJECT_CONVERSION = YES_AGGRESSIVE;
				CLANG_CXX_LANGUAGE_STANDARD = "gnu++20";
				CLANG_ENABLE_MODULES = YES;
				CLANG_ENABLE_OBJC_ARC = YES;
				CLANG_ENABLE_OBJC_WEAK = YES;
				CLANG_WARN_BLOCK_CAPTURE_AUTORELEASING = YES;
				CLANG_WARN_BOOL_CONVERSION = YES;
				CLANG_WARN_COMMA = YES;
				CLANG_WARN_CONSTANT_CONVERSION = YES;
				CLANG_WARN_DEPRECATED_OBJC_IMPLEMENTATIONS = YES;
				CLANG_WARN_DIRECT_OBJC_ISA_USAGE = YES_ERROR;
				CLANG_WARN_DOCUMENTATION_COMMENTS = YES;
				CLANG_WARN_EMPTY_BODY = YES;
				CLANG_WARN_ENUM_CONVERSION = YES;
				CLANG_WARN_INFINITE_RECURSION = YES;
				CLANG_WARN_INT_CONVERSION = YES;
				CLANG_WARN_NON_LITERAL_NULL_CONVERSION = YES;
				CLANG_WARN_OBJC_IMPLICIT_RETAIN_SELF = YES;
				CLANG_WARN_OBJC_LITERAL_CONVERSION = YES;
				CLANG_WARN_OBJC_ROOT_CLASS = YES_ERROR;
				CLANG_WARN_QUOTED_INCLUDE_IN_FRAMEWORK_HEADER = YES;
				CLANG_WARN_RANGE_LOOP_ANALYSIS = YES;
				CLANG_WARN_STRICT_PROTOTYPES = YES;
				CLANG_WARN_SUSPICIOUS_MOVE = YES;
				CLANG_WARN_UNGUARDED_AVAILABILITY = YES_AGGRESSIVE;
				CLANG_WARN_UNREACHABLE_CODE = YES;
				CLANG_WARN__DUPLICATE_METHOD_MATCH = YES;
				COPY_PHASE_STRIP = NO;
				DEBUG_INFORMATION_FORMAT = dwarf;
				ENABLE_STRICT_OBJC_MSGSEND = YES;
				ENABLE_TESTABILITY = YES;
				ENABLE_USER_SCRIPT_SANDBOXING = YES;
				GCC_C_LANGUAGE_STANDARD = gnu17;
				GCC_DYNAMIC_NO_PIC = NO;
				GCC_NO_COMMON_BLOCKS = YES;
				GCC_OPTIMIZATION_LEVEL = 0;
				GCC_PREPROCESSOR_DEFINITIONS = (
					"DEBUG=1",
					"$(inherited)",
				);
				GCC_WARN_64_TO_32_BIT_CONVERSION = YES;
				GCC_WARN_ABOUT_RETURN_TYPE = YES_ERROR;
				GCC_WARN_UNDECLARED_SELECTOR = YES;
				GCC_WARN_UNINITIALIZED_AUTOS = YES_AGGRESSIVE;
				GCC_WARN_UNUSED_FUNCTION = YES;
				GCC_WARN_UNUSED_VARIABLE = YES;
				IPHONEOS_DEPLOYMENT_TARGET = 17.4;
				LOCALIZATION_PREFERS_STRING_CATALOGS = YES;
				MTL_ENABLE_DEBUG_INFO = INCLUDE_SOURCE;
				MTL_FAST_MATH = YES;
				ONLY_ACTIVE_ARCH = YES;
				SDKROOT = iphoneos;
				SWIFT_ACTIVE_COMPILATION_CONDITIONS = "DEBUG $(inherited)";
				SWIFT_OPTIMIZATION_LEVEL = "-Onone";
			};
			name = Debug;
		};
		091F9D802BF0DB70001549BB /* Release */ = {
			isa = XCBuildConfiguration;
			buildSettings = {
				ALWAYS_SEARCH_USER_PATHS = NO;
				ASSETCATALOG_COMPILER_GENERATE_SWIFT_ASSET_SYMBOL_EXTENSIONS = YES;
				CLANG_ANALYZER_NONNULL = YES;
				CLANG_ANALYZER_NUMBER_OBJECT_CONVERSION = YES_AGGRESSIVE;
				CLANG_CXX_LANGUAGE_STANDARD = "gnu++20";
				CLANG_ENABLE_MODULES = YES;
				CLANG_ENABLE_OBJC_ARC = YES;
				CLANG_ENABLE_OBJC_WEAK = YES;
				CLANG_WARN_BLOCK_CAPTURE_AUTORELEASING = YES;
				CLANG_WARN_BOOL_CONVERSION = YES;
				CLANG_WARN_COMMA = YES;
				CLANG_WARN_CONSTANT_CONVERSION = YES;
				CLANG_WARN_DEPRECATED_OBJC_IMPLEMENTATIONS = YES;
				CLANG_WARN_DIRECT_OBJC_ISA_USAGE = YES_ERROR;
				CLANG_WARN_DOCUMENTATION_COMMENTS = YES;
				CLANG_WARN_EMPTY_BODY = YES;
				CLANG_WARN_ENUM_CONVERSION = YES;
				CLANG_WARN_INFINITE_RECURSION = YES;
				CLANG_WARN_INT_CONVERSION = YES;
				CLANG_WARN_NON_LITERAL_NULL_CONVERSION = YES;
				CLANG_WARN_OBJC_IMPLICIT_RETAIN_SELF = YES;
				CLANG_WARN_OBJC_LITERAL_CONVERSION = YES;
				CLANG_WARN_OBJC_ROOT_CLASS = YES_ERROR;
				CLANG_WARN_QUOTED_INCLUDE_IN_FRAMEWORK_HEADER = YES;
				CLANG_WARN_RANGE_LOOP_ANALYSIS = YES;
				CLANG_WARN_STRICT_PROTOTYPES = YES;
				CLANG_WARN_SUSPICIOUS_MOVE = YES;
				CLANG_WARN_UNGUARDED_AVAILABILITY = YES_AGGRESSIVE;
				CLANG_WARN_UNREACHABLE_CODE = YES;
				CLANG_WARN__DUPLICATE_METHOD_MATCH = YES;
				COPY_PHASE_STRIP = NO;
				DEBUG_INFORMATION_FORMAT = "dwarf-with-dsym";
				ENABLE_NS_ASSERTIONS = NO;
				ENABLE_STRICT_OBJC_MSGSEND = YES;
				ENABLE_USER_SCRIPT_SANDBOXING = YES;
				GCC_C_LANGUAGE_STANDARD = gnu17;
				GCC_NO_COMMON_BLOCKS = YES;
				GCC_WARN_64_TO_32_BIT_CONVERSION = YES;
				GCC_WARN_ABOUT_RETURN_TYPE = YES_ERROR;
				GCC_WARN_UNDECLARED_SELECTOR = YES;
				GCC_WARN_UNINITIALIZED_AUTOS = YES_AGGRESSIVE;
				GCC_WARN_UNUSED_FUNCTION = YES;
				GCC_WARN_UNUSED_VARIABLE = YES;
				IPHONEOS_DEPLOYMENT_TARGET = 17.4;
				LOCALIZATION_PREFERS_STRING_CATALOGS = YES;
				MTL_ENABLE_DEBUG_INFO = NO;
				MTL_FAST_MATH = YES;
				SDKROOT = iphoneos;
				SWIFT_COMPILATION_MODE = wholemodule;
				VALIDATE_PRODUCT = YES;
			};
			name = Release;
		};
		091F9D822BF0DB70001549BB /* Debug */ = {
			isa = XCBuildConfiguration;
			baseConfigurationReference = 091F9D912BF0F34C001549BB /* Secrets.xcconfig */;
			buildSettings = {
				ASSETCATALOG_COMPILER_APPICON_NAME = AppIcon;
				ASSETCATALOG_COMPILER_GLOBAL_ACCENT_COLOR_NAME = AccentColor;
				CODE_SIGN_STYLE = Automatic;
				CURRENT_PROJECT_VERSION = 1;
				DEVELOPMENT_TEAM = G8P85U8XP2;
				GENERATE_INFOPLIST_FILE = YES;
				INFOPLIST_FILE = BornlogicTest/System/Info.plist;
				INFOPLIST_KEY_UIApplicationSupportsIndirectInputEvents = YES;
				INFOPLIST_KEY_UILaunchStoryboardName = LaunchScreen;
				INFOPLIST_KEY_UISupportedInterfaceOrientations = UIInterfaceOrientationPortrait;
				INFOPLIST_KEY_UISupportedInterfaceOrientations_iPad = "UIInterfaceOrientationLandscapeLeft UIInterfaceOrientationLandscapeRight UIInterfaceOrientationPortrait UIInterfaceOrientationPortraitUpsideDown";
				LD_RUNPATH_SEARCH_PATHS = (
					"$(inherited)",
					"@executable_path/Frameworks",
				);
				MARKETING_VERSION = 1.0;
				PRODUCT_BUNDLE_IDENTIFIER = com.lugalu.BornlogicTest;
				PRODUCT_NAME = "$(TARGET_NAME)";
				SUPPORTED_PLATFORMS = "iphoneos iphonesimulator";
				SUPPORTS_MACCATALYST = NO;
				SUPPORTS_MAC_DESIGNED_FOR_IPHONE_IPAD = NO;
				SUPPORTS_XR_DESIGNED_FOR_IPHONE_IPAD = NO;
				SWIFT_EMIT_LOC_STRINGS = YES;
				SWIFT_VERSION = 5.0;
				TARGETED_DEVICE_FAMILY = 1;
			};
			name = Debug;
		};
		091F9D832BF0DB70001549BB /* Release */ = {
			isa = XCBuildConfiguration;
			baseConfigurationReference = 091F9D912BF0F34C001549BB /* Secrets.xcconfig */;
			buildSettings = {
				ASSETCATALOG_COMPILER_APPICON_NAME = AppIcon;
				ASSETCATALOG_COMPILER_GLOBAL_ACCENT_COLOR_NAME = AccentColor;
				CODE_SIGN_STYLE = Automatic;
				CURRENT_PROJECT_VERSION = 1;
				DEVELOPMENT_TEAM = G8P85U8XP2;
				GENERATE_INFOPLIST_FILE = YES;
				INFOPLIST_FILE = BornlogicTest/System/Info.plist;
				INFOPLIST_KEY_UIApplicationSupportsIndirectInputEvents = YES;
				INFOPLIST_KEY_UILaunchStoryboardName = LaunchScreen;
				INFOPLIST_KEY_UISupportedInterfaceOrientations = UIInterfaceOrientationPortrait;
				INFOPLIST_KEY_UISupportedInterfaceOrientations_iPad = "UIInterfaceOrientationLandscapeLeft UIInterfaceOrientationLandscapeRight UIInterfaceOrientationPortrait UIInterfaceOrientationPortraitUpsideDown";
				LD_RUNPATH_SEARCH_PATHS = (
					"$(inherited)",
					"@executable_path/Frameworks",
				);
				MARKETING_VERSION = 1.0;
				PRODUCT_BUNDLE_IDENTIFIER = com.lugalu.BornlogicTest;
				PRODUCT_NAME = "$(TARGET_NAME)";
				SUPPORTED_PLATFORMS = "iphoneos iphonesimulator";
				SUPPORTS_MACCATALYST = NO;
				SUPPORTS_MAC_DESIGNED_FOR_IPHONE_IPAD = NO;
				SUPPORTS_XR_DESIGNED_FOR_IPHONE_IPAD = NO;
				SWIFT_EMIT_LOC_STRINGS = YES;
				SWIFT_VERSION = 5.0;
				TARGETED_DEVICE_FAMILY = 1;
			};
			name = Release;
		};
		091F9D852BF0DB70001549BB /* Debug */ = {
			isa = XCBuildConfiguration;
			buildSettings = {
				ALWAYS_EMBED_SWIFT_STANDARD_LIBRARIES = YES;
				BUNDLE_LOADER = "$(TEST_HOST)";
				CODE_SIGN_STYLE = Automatic;
				CURRENT_PROJECT_VERSION = 1;
				DEVELOPMENT_TEAM = G8P85U8XP2;
				GENERATE_INFOPLIST_FILE = YES;
				IPHONEOS_DEPLOYMENT_TARGET = 17.4;
				MARKETING_VERSION = 1.0;
				PRODUCT_BUNDLE_IDENTIFIER = com.lugalu.BornlogicTestTests;
				PRODUCT_NAME = "$(TARGET_NAME)";
				SWIFT_EMIT_LOC_STRINGS = NO;
				SWIFT_VERSION = 5.0;
				TARGETED_DEVICE_FAMILY = "1,2";
				TEST_HOST = "$(BUILT_PRODUCTS_DIR)/BornlogicTest.app/$(BUNDLE_EXECUTABLE_FOLDER_PATH)/BornlogicTest";
			};
			name = Debug;
		};
		091F9D862BF0DB70001549BB /* Release */ = {
			isa = XCBuildConfiguration;
			buildSettings = {
				ALWAYS_EMBED_SWIFT_STANDARD_LIBRARIES = YES;
				BUNDLE_LOADER = "$(TEST_HOST)";
				CODE_SIGN_STYLE = Automatic;
				CURRENT_PROJECT_VERSION = 1;
				DEVELOPMENT_TEAM = G8P85U8XP2;
				GENERATE_INFOPLIST_FILE = YES;
				IPHONEOS_DEPLOYMENT_TARGET = 17.4;
				MARKETING_VERSION = 1.0;
				PRODUCT_BUNDLE_IDENTIFIER = com.lugalu.BornlogicTestTests;
				PRODUCT_NAME = "$(TARGET_NAME)";
				SWIFT_EMIT_LOC_STRINGS = NO;
				SWIFT_VERSION = 5.0;
				TARGETED_DEVICE_FAMILY = "1,2";
				TEST_HOST = "$(BUILT_PRODUCTS_DIR)/BornlogicTest.app/$(BUNDLE_EXECUTABLE_FOLDER_PATH)/BornlogicTest";
			};
			name = Release;
		};
		091F9D882BF0DB70001549BB /* Debug */ = {
			isa = XCBuildConfiguration;
			buildSettings = {
				ALWAYS_EMBED_SWIFT_STANDARD_LIBRARIES = YES;
				CODE_SIGN_STYLE = Automatic;
				CURRENT_PROJECT_VERSION = 1;
				DEVELOPMENT_TEAM = G8P85U8XP2;
				GENERATE_INFOPLIST_FILE = YES;
				MARKETING_VERSION = 1.0;
				PRODUCT_BUNDLE_IDENTIFIER = com.lugalu.BornlogicTestUITests;
				PRODUCT_NAME = "$(TARGET_NAME)";
				SWIFT_EMIT_LOC_STRINGS = NO;
				SWIFT_VERSION = 5.0;
				TARGETED_DEVICE_FAMILY = "1,2";
				TEST_TARGET_NAME = BornlogicTest;
			};
			name = Debug;
		};
		091F9D892BF0DB70001549BB /* Release */ = {
			isa = XCBuildConfiguration;
			buildSettings = {
				ALWAYS_EMBED_SWIFT_STANDARD_LIBRARIES = YES;
				CODE_SIGN_STYLE = Automatic;
				CURRENT_PROJECT_VERSION = 1;
				DEVELOPMENT_TEAM = G8P85U8XP2;
				GENERATE_INFOPLIST_FILE = YES;
				MARKETING_VERSION = 1.0;
				PRODUCT_BUNDLE_IDENTIFIER = com.lugalu.BornlogicTestUITests;
				PRODUCT_NAME = "$(TARGET_NAME)";
				SWIFT_EMIT_LOC_STRINGS = NO;
				SWIFT_VERSION = 5.0;
				TARGETED_DEVICE_FAMILY = "1,2";
				TEST_TARGET_NAME = BornlogicTest;
			};
			name = Release;
		};
/* End XCBuildConfiguration section */

/* Begin XCConfigurationList section */
		091F9D522BF0DB6D001549BB /* Build configuration list for PBXProject "BornlogicTest" */ = {
			isa = XCConfigurationList;
			buildConfigurations = (
				091F9D7F2BF0DB70001549BB /* Debug */,
				091F9D802BF0DB70001549BB /* Release */,
			);
			defaultConfigurationIsVisible = 0;
			defaultConfigurationName = Release;
		};
		091F9D812BF0DB70001549BB /* Build configuration list for PBXNativeTarget "BornlogicTest" */ = {
			isa = XCConfigurationList;
			buildConfigurations = (
				091F9D822BF0DB70001549BB /* Debug */,
				091F9D832BF0DB70001549BB /* Release */,
			);
			defaultConfigurationIsVisible = 0;
			defaultConfigurationName = Release;
		};
		091F9D842BF0DB70001549BB /* Build configuration list for PBXNativeTarget "BornlogicTestTests" */ = {
			isa = XCConfigurationList;
			buildConfigurations = (
				091F9D852BF0DB70001549BB /* Debug */,
				091F9D862BF0DB70001549BB /* Release */,
			);
			defaultConfigurationIsVisible = 0;
			defaultConfigurationName = Release;
		};
		091F9D872BF0DB70001549BB /* Build configuration list for PBXNativeTarget "BornlogicTestUITests" */ = {
			isa = XCConfigurationList;
			buildConfigurations = (
				091F9D882BF0DB70001549BB /* Debug */,
				091F9D892BF0DB70001549BB /* Release */,
			);
			defaultConfigurationIsVisible = 0;
			defaultConfigurationName = Release;
		};
/* End XCConfigurationList section */
	};
	rootObject = 091F9D4F2BF0DB6D001549BB /* Project object */;
}
